
Microsoft Visual Studio Solution File, Format Version 12.00
# Visual Studio Version 17
VisualStudioVersion = 17.2.32616.157
MinimumVisualStudioVersion = 10.0.40219.1
Project("{FAE04EC0-301F-11D3-BF4B-00C04F79EFBC}") = "Pesources", "Pesources\Pesources.csproj", "{589C1DE2-BF01-4275-862D-A8AFF25D7CF9}"
EndProject
Global
	GlobalSection(SolutionConfigurationPlatforms) = preSolution
		Debug|Any CPU = Debug|Any CPU
		Release|Any CPU = Release|Any CPU
	EndGlobalSection
	GlobalSection(ProjectConfigurationPlatforms) = postSolution
		{589C1DE2-BF01-4275-862D-A8AFF25D7CF9}.Debug|Any CPU.ActiveCfg = Debug|Any CPU
		{589C1DE2-BF01-4275-862D-A8AFF25D7CF9}.Debug|Any CPU.Build.0 = Debug|Any CPU
		{589C1DE2-BF01-4275-862D-A8AFF25D7CF9}.Release|Any CPU.ActiveCfg = Release|Any CPU
		{589C1DE2-BF01-4275-862D-A8AFF25D7CF9}.Release|Any CPU.Build.0 = Release|Any CPU
	EndGlobalSection
	GlobalSection(SolutionProperties) = preSolution
		HideSolutionNode = FALSE
	EndGlobalSection
	GlobalSection(ExtensibilityGlobals) = postSolution
		SolutionGuid = {C7BFC63D-5439-4B7C-A43E-25B620753649}
	EndGlobalSection
EndGlobal
